
Microsoft Visual Studio Solution File, Format Version 12.00
# Visual Studio Version 17
VisualStudioVersion = 17.5.002.0
MinimumVisualStudioVersion = 10.0.40219.1
Project("{9A19103F-16F7-4668-BE54-9A1E7A4F7556}") = "dotnet_console_build_101", "dotnet_console_build_101.csproj", "{693FDCB2-649F-4C4E-9BF5-08342B430287}"
EndProject
Global
	GlobalSection(SolutionConfigurationPlatforms) = preSolution
		Debug|Any CPU = Debug|Any CPU
		Release|Any CPU = Release|Any CPU
	EndGlobalSection
	GlobalSection(ProjectConfigurationPlatforms) = postSolution
		{693FDCB2-649F-4C4E-9BF5-08342B430287}.Debug|Any CPU.ActiveCfg = Debug|Any CPU
		{693FDCB2-649F-4C4E-9BF5-08342B430287}.Debug|Any CPU.Build.0 = Debug|Any CPU
		{693FDCB2-649F-4C4E-9BF5-08342B430287}.Release|Any CPU.ActiveCfg = Release|Any CPU
		{693FDCB2-649F-4C4E-9BF5-08342B430287}.Release|Any CPU.Build.0 = Release|Any CPU
	EndGlobalSection
	GlobalSection(SolutionProperties) = preSolution
		HideSolutionNode = FALSE
	EndGlobalSection
	GlobalSection(ExtensibilityGlobals) = postSolution
		SolutionGuid = {E6F9B0BB-2DDE-4A1F-89D8-D96D9EBDB874}
	EndGlobalSection
EndGlobal
